
Microsoft Visual Studio Solution File, Format Version 12.00
# Visual Studio Version 16
VisualStudioVersion = 16.0.31911.196
MinimumVisualStudioVersion = 10.0.40219.1
Project("{FAE04EC0-301F-11D3-BF4B-00C04F79EFBC}") = "UACS", "UACS\UACS.csproj", "{4FA0309E-2774-4314-BDB8-D7D19D6E05BF}"
EndProject
Global
	GlobalSection(SolutionConfigurationPlatforms) = preSolution
		Debug|Any CPU = Debug|Any CPU
		Release|Any CPU = Release|Any CPU
	EndGlobalSection
	GlobalSection(ProjectConfigurationPlatforms) = postSolution
		{4FA0309E-2774-4314-BDB8-D7D19D6E05BF}.Debug|Any CPU.ActiveCfg = Debug|Any CPU
		{4FA0309E-2774-4314-BDB8-D7D19D6E05BF}.Debug|Any CPU.Build.0 = Debug|Any CPU
		{4FA0309E-2774-4314-BDB8-D7D19D6E05BF}.Release|Any CPU.ActiveCfg = Release|Any CPU
		{4FA0309E-2774-4314-BDB8-D7D19D6E05BF}.Release|Any CPU.Build.0 = Release|Any CPU
	EndGlobalSection
	GlobalSection(SolutionProperties) = preSolution
		HideSolutionNode = FALSE
	EndGlobalSection
	GlobalSection(ExtensibilityGlobals) = postSolution
		SolutionGuid = {E2ED09F9-C6C2-4C98-96B2-87E7195D36EC}
	EndGlobalSection
EndGlobal
